// !$*UTF8*$!
{
	archiveVersion = 1;
	classes = {
	};
	objectVersion = 50;
	objects = {

/* Begin PBXBuildFile section */
		811FD076246B423900A3543C /* main.cpp in Sources */ = {isa = PBXBuildFile; fileRef = 811FD075246B423900A3543C /* main.cpp */; };
		811FD07E246B48D800A3543C /* Product.cpp in Sources */ = {isa = PBXBuildFile; fileRef = 811FD07C246B48D800A3543C /* Product.cpp */; };
		811FD081246B4AB300A3543C /* Service.cpp in Sources */ = {isa = PBXBuildFile; fileRef = 811FD07F246B4AB300A3543C /* Service.cpp */; };
		811FD084246B4B2600A3543C /* Employee.cpp in Sources */ = {isa = PBXBuildFile; fileRef = 811FD082246B4B2600A3543C /* Employee.cpp */; };
		811FD087246B756200A3543C /* BulkLiquid.cpp in Sources */ = {isa = PBXBuildFile; fileRef = 811FD085246B756200A3543C /* BulkLiquid.cpp */; };
		811FD08A246B765100A3543C /* AutoPart.cpp in Sources */ = {isa = PBXBuildFile; fileRef = 811FD088246B765100A3543C /* AutoPart.cpp */; };
/* End PBXBuildFile section */

/* Begin PBXCopyFilesBuildPhase section */
		811FD070246B423900A3543C /* CopyFiles */ = {
			isa = PBXCopyFilesBuildPhase;
			buildActionMask = 2147483647;
			dstPath = /usr/share/man/man1/;
			dstSubfolderSpec = 0;
			files = (
			);
			runOnlyForDeploymentPostprocessing = 1;
		};
/* End PBXCopyFilesBuildPhase section */

/* Begin PBXFileReference section */
		811FD072246B423900A3543C /* Inventory_Management_System */ = {isa = PBXFileReference; explicitFileType = "compiled.mach-o.executable"; includeInIndex = 0; path = Inventory_Management_System; sourceTree = BUILT_PRODUCTS_DIR; };
		811FD075246B423900A3543C /* main.cpp */ = {isa = PBXFileReference; lastKnownFileType = sourcecode.cpp.cpp; path = main.cpp; sourceTree = "<group>"; };
		811FD07C246B48D800A3543C /* Product.cpp */ = {isa = PBXFileReference; lastKnownFileType = sourcecode.cpp.cpp; path = Product.cpp; sourceTree = "<group>"; };
		811FD07D246B48D800A3543C /* Product.hpp */ = {isa = PBXFileReference; lastKnownFileType = sourcecode.cpp.h; path = Product.hpp; sourceTree = "<group>"; };
		811FD07F246B4AB300A3543C /* Service.cpp */ = {isa = PBXFileReference; lastKnownFileType = sourcecode.cpp.cpp; path = Service.cpp; sourceTree = "<group>"; };
		811FD080246B4AB300A3543C /* Service.hpp */ = {isa = PBXFileReference; lastKnownFileType = sourcecode.cpp.h; path = Service.hpp; sourceTree = "<group>"; };
		811FD082246B4B2600A3543C /* Employee.cpp */ = {isa = PBXFileReference; lastKnownFileType = sourcecode.cpp.cpp; path = Employee.cpp; sourceTree = "<group>"; };
		811FD083246B4B2600A3543C /* Employee.hpp */ = {isa = PBXFileReference; lastKnownFileType = sourcecode.cpp.h; path = Employee.hpp; sourceTree = "<group>"; };
		811FD085246B756200A3543C /* BulkLiquid.cpp */ = {isa = PBXFileReference; lastKnownFileType = sourcecode.cpp.cpp; path = BulkLiquid.cpp; sourceTree = "<group>"; };
		811FD086246B756200A3543C /* BulkLiquid.hpp */ = {isa = PBXFileReference; lastKnownFileType = sourcecode.cpp.h; path = BulkLiquid.hpp; sourceTree = "<group>"; };
		811FD088246B765100A3543C /* AutoPart.cpp */ = {isa = PBXFileReference; lastKnownFileType = sourcecode.cpp.cpp; path = AutoPart.cpp; sourceTree = "<group>"; };
		811FD089246B765100A3543C /* AutoPart.hpp */ = {isa = PBXFileReference; lastKnownFileType = sourcecode.cpp.h; path = AutoPart.hpp; sourceTree = "<group>"; };
		81879ABC246BB83900919862 /* Catch */ = {isa = PBXFileReference; lastKnownFileType = folder; path = Catch; sourceTree = "<group>"; };
/* End PBXFileReference section */

/* Begin PBXFrameworksBuildPhase section */
		811FD06F246B423900A3543C /* Frameworks */ = {
			isa = PBXFrameworksBuildPhase;
			buildActionMask = 2147483647;
			files = (
			);
			runOnlyForDeploymentPostprocessing = 0;
		};
/* End PBXFrameworksBuildPhase section */

/* Begin PBXGroup section */
		811FD069246B423900A3543C = {
			isa = PBXGroup;
			children = (
				811FD074246B423900A3543C /* Inventory_Management_System */,
				811FD073246B423900A3543C /* Products */,
				81879ABC246BB83900919862 /* Catch */,
			);
			sourceTree = "<group>";
		};
		811FD073246B423900A3543C /* Products */ = {
			isa = PBXGroup;
			children = (
				811FD072246B423900A3543C /* Inventory_Management_System */,
			);
			name = Products;
			sourceTree = "<group>";
		};
		811FD074246B423900A3543C /* Inventory_Management_System */ = {
			isa = PBXGroup;
			children = (
				811FD075246B423900A3543C /* main.cpp */,
				811FD07C246B48D800A3543C /* Product.cpp */,
				811FD07D246B48D800A3543C /* Product.hpp */,
				811FD07F246B4AB300A3543C /* Service.cpp */,
				811FD080246B4AB300A3543C /* Service.hpp */,
				811FD082246B4B2600A3543C /* Employee.cpp */,
				811FD083246B4B2600A3543C /* Employee.hpp */,
				811FD085246B756200A3543C /* BulkLiquid.cpp */,
				811FD086246B756200A3543C /* BulkLiquid.hpp */,
				811FD088246B765100A3543C /* AutoPart.cpp */,
				811FD089246B765100A3543C /* AutoPart.hpp */,
			);
			path = Inventory_Management_System;
			sourceTree = "<group>";
		};
/* End PBXGroup section */

/* Begin PBXNativeTarget section */
		811FD071246B423900A3543C /* Inventory_Management_System */ = {
			isa = PBXNativeTarget;
			buildConfigurationList = 811FD079246B423900A3543C /* Build configuration list for PBXNativeTarget "Inventory_Management_System" */;
			buildPhases = (
				811FD06E246B423900A3543C /* Sources */,
				811FD06F246B423900A3543C /* Frameworks */,
				811FD070246B423900A3543C /* CopyFiles */,
			);
			buildRules = (
			);
			dependencies = (
			);
			name = Inventory_Management_System;
			productName = Inventory_Management_System;
			productReference = 811FD072246B423900A3543C /* Inventory_Management_System */;
			productType = "com.apple.product-type.tool";
		};
/* End PBXNativeTarget section */

/* Begin PBXProject section */
		811FD06A246B423900A3543C /* Project object */ = {
			isa = PBXProject;
			attributes = {
				LastUpgradeCheck = 1030;
				ORGANIZATIONNAME = "Nicholas Farkas";
				TargetAttributes = {
					811FD071246B423900A3543C = {
						CreatedOnToolsVersion = 10.3;
					};
				};
			};
			buildConfigurationList = 811FD06D246B423900A3543C /* Build configuration list for PBXProject "Inventory_Management_System" */;
			compatibilityVersion = "Xcode 9.3";
			developmentRegion = en;
			hasScannedForEncodings = 0;
			knownRegions = (
				en,
			);
			mainGroup = 811FD069246B423900A3543C;
			productRefGroup = 811FD073246B423900A3543C /* Products */;
			projectDirPath = "";
			projectRoot = "";
			targets = (
				811FD071246B423900A3543C /* Inventory_Management_System */,
			);
		};
/* End PBXProject section */

/* Begin PBXSourcesBuildPhase section */
		811FD06E246B423900A3543C /* Sources */ = {
			isa = PBXSourcesBuildPhase;
			buildActionMask = 2147483647;
			files = (
				811FD087246B756200A3543C /* BulkLiquid.cpp in Sources */,
				811FD076246B423900A3543C /* main.cpp in Sources */,
				811FD084246B4B2600A3543C /* Employee.cpp in Sources */,
				811FD081246B4AB300A3543C /* Service.cpp in Sources */,
				811FD07E246B48D800A3543C /* Product.cpp in Sources */,
				811FD08A246B765100A3543C /* AutoPart.cpp in Sources */,
			);
			runOnlyForDeploymentPostprocessing = 0;
		};
/* End PBXSourcesBuildPhase section */

/* Begin XCBuildConfiguration section */
		811FD077246B423900A3543C /* Debug */ = {
			isa = XCBuildConfiguration;
			buildSettings = {
				ALWAYS_SEARCH_USER_PATHS = NO;
				CLANG_ANALYZER_NONNULL = YES;
				CLANG_ANALYZER_NUMBER_OBJECT_CONVERSION = YES_AGGRESSIVE;
				CLANG_CXX_LANGUAGE_STANDARD = "gnu++14";
				CLANG_CXX_LIBRARY = "libc++";
				CLANG_ENABLE_MODULES = YES;
				CLANG_ENABLE_OBJC_ARC = YES;
				CLANG_ENABLE_OBJC_WEAK = YES;
				CLANG_WARN_BLOCK_CAPTURE_AUTORELEASING = YES;
				CLANG_WARN_BOOL_CONVERSION = YES;
				CLANG_WARN_COMMA = YES;
				CLANG_WARN_CONSTANT_CONVERSION = YES;
				CLANG_WARN_DEPRECATED_OBJC_IMPLEMENTATIONS = YES;
				CLANG_WARN_DIRECT_OBJC_ISA_USAGE = YES_ERROR;
				CLANG_WARN_DOCUMENTATION_COMMENTS = YES;
				CLANG_WARN_EMPTY_BODY = YES;
				CLANG_WARN_ENUM_CONVERSION = YES;
				CLANG_WARN_INFINITE_RECURSION = YES;
				CLANG_WARN_INT_CONVERSION = YES;
				CLANG_WARN_NON_LITERAL_NULL_CONVERSION = YES;
				CLANG_WARN_OBJC_IMPLICIT_RETAIN_SELF = YES;
				CLANG_WARN_OBJC_LITERAL_CONVERSION = YES;
				CLANG_WARN_OBJC_ROOT_CLASS = YES_ERROR;
				CLANG_WARN_RANGE_LOOP_ANALYSIS = YES;
				CLANG_WARN_STRICT_PROTOTYPES = YES;
				CLANG_WARN_SUSPICIOUS_MOVE = YES;
				CLANG_WARN_UNGUARDED_AVAILABILITY = YES_AGGRESSIVE;
				CLANG_WARN_UNREACHABLE_CODE = YES;
				CLANG_WARN__DUPLICATE_METHOD_MATCH = YES;
				CODE_SIGN_IDENTITY = "-";
				COPY_PHASE_STRIP = NO;
				DEBUG_INFORMATION_FORMAT = dwarf;
				ENABLE_STRICT_OBJC_MSGSEND = YES;
				ENABLE_TESTABILITY = YES;
				GCC_C_LANGUAGE_STANDARD = gnu11;
				GCC_DYNAMIC_NO_PIC = NO;
				GCC_NO_COMMON_BLOCKS = YES;
				GCC_OPTIMIZATION_LEVEL = 0;
				GCC_PREPROCESSOR_DEFINITIONS = (
					"DEBUG=1",
					"$(inherited)",
				);
				GCC_WARN_64_TO_32_BIT_CONVERSION = YES;
				GCC_WARN_ABOUT_RETURN_TYPE = YES_ERROR;
				GCC_WARN_UNDECLARED_SELECTOR = YES;
				GCC_WARN_UNINITIALIZED_AUTOS = YES_AGGRESSIVE;
				GCC_WARN_UNUSED_FUNCTION = YES;
				GCC_WARN_UNUSED_VARIABLE = YES;
				MACOSX_DEPLOYMENT_TARGET = 10.15;
				MTL_ENABLE_DEBUG_INFO = INCLUDE_SOURCE;
				MTL_FAST_MATH = YES;
				ONLY_ACTIVE_ARCH = YES;
				SDKROOT = macosx;
			};
			name = Debug;
		};
		811FD078246B423900A3543C /* Release */ = {
			isa = XCBuildConfiguration;
			buildSettings = {
				ALWAYS_SEARCH_USER_PATHS = NO;
				CLANG_ANALYZER_NONNULL = YES;
				CLANG_ANALYZER_NUMBER_OBJECT_CONVERSION = YES_AGGRESSIVE;
				CLANG_CXX_LANGUAGE_STANDARD = "gnu++14";
				CLANG_CXX_LIBRARY = "libc++";
				CLANG_ENABLE_MODULES = YES;
				CLANG_ENABLE_OBJC_ARC = YES;
				CLANG_ENABLE_OBJC_WEAK = YES;
				CLANG_WARN_BLOCK_CAPTURE_AUTORELEASING = YES;
				CLANG_WARN_BOOL_CONVERSION = YES;
				CLANG_WARN_COMMA = YES;
				CLANG_WARN_CONSTANT_CONVERSION = YES;
				CLANG_WARN_DEPRECATED_OBJC_IMPLEMENTATIONS = YES;
				CLANG_WARN_DIRECT_OBJC_ISA_USAGE = YES_ERROR;
				CLANG_WARN_DOCUMENTATION_COMMENTS = YES;
				CLANG_WARN_EMPTY_BODY = YES;
				CLANG_WARN_ENUM_CONVERSION = YES;
				CLANG_WARN_INFINITE_RECURSION = YES;
				CLANG_WARN_INT_CONVERSION = YES;
				CLANG_WARN_NON_LITERAL_NULL_CONVERSION = YES;
				CLANG_WARN_OBJC_IMPLICIT_RETAIN_SELF = YES;
				CLANG_WARN_OBJC_LITERAL_CONVERSION = YES;
				CLANG_WARN_OBJC_ROOT_CLASS = YES_ERROR;
				CLANG_WARN_RANGE_LOOP_ANALYSIS = YES;
				CLANG_WARN_STRICT_PROTOTYPES = YES;
				CLANG_WARN_SUSPICIOUS_MOVE = YES;
				CLANG_WARN_UNGUARDED_AVAILABILITY = YES_AGGRESSIVE;
				CLANG_WARN_UNREACHABLE_CODE = YES;
				CLANG_WARN__DUPLICATE_METHOD_MATCH = YES;
				CODE_SIGN_IDENTITY = "-";
				COPY_PHASE_STRIP = NO;
				DEBUG_INFORMATION_FORMAT = "dwarf-with-dsym";
				ENABLE_NS_ASSERTIONS = NO;
				ENABLE_STRICT_OBJC_MSGSEND = YES;
				GCC_C_LANGUAGE_STANDARD = gnu11;
				GCC_NO_COMMON_BLOCKS = YES;
				GCC_WARN_64_TO_32_BIT_CONVERSION = YES;
				GCC_WARN_ABOUT_RETURN_TYPE = YES_ERROR;
				GCC_WARN_UNDECLARED_SELECTOR = YES;
				GCC_WARN_UNINITIALIZED_AUTOS = YES_AGGRESSIVE;
				GCC_WARN_UNUSED_FUNCTION = YES;
				GCC_WARN_UNUSED_VARIABLE = YES;
				MACOSX_DEPLOYMENT_TARGET = 10.15;
				MTL_ENABLE_DEBUG_INFO = NO;
				MTL_FAST_MATH = YES;
				SDKROOT = macosx;
			};
			name = Release;
		};
		811FD07A246B423900A3543C /* Debug */ = {
			isa = XCBuildConfiguration;
			buildSettings = {
				CODE_SIGN_STYLE = Automatic;
				MACOSX_DEPLOYMENT_TARGET = 10.14;
				PRODUCT_NAME = "$(TARGET_NAME)";
			};
			name = Debug;
		};
		811FD07B246B423900A3543C /* Release */ = {
			isa = XCBuildConfiguration;
			buildSettings = {
				CODE_SIGN_STYLE = Automatic;
				MACOSX_DEPLOYMENT_TARGET = 10.14;
				PRODUCT_NAME = "$(TARGET_NAME)";
			};
			name = Release;
		};
/* End XCBuildConfiguration section */

/* Begin XCConfigurationList section */
		811FD06D246B423900A3543C /* Build configuration list for PBXProject "Inventory_Management_System" */ = {
			isa = XCConfigurationList;
			buildConfigurations = (
				811FD077246B423900A3543C /* Debug */,
				811FD078246B423900A3543C /* Release */,
			);
			defaultConfigurationIsVisible = 0;
			defaultConfigurationName = Release;
		};
		811FD079246B423900A3543C /* Build configuration list for PBXNativeTarget "Inventory_Management_System" */ = {
			isa = XCConfigurationList;
			buildConfigurations = (
				811FD07A246B423900A3543C /* Debug */,
				811FD07B246B423900A3543C /* Release */,
			);
			defaultConfigurationIsVisible = 0;
			defaultConfigurationName = Release;
		};
/* End XCConfigurationList section */
	};
	rootObject = 811FD06A246B423900A3543C /* Project object */;
}
